
Microsoft Visual Studio Solution File, Format Version 12.00
# Visual Studio Version 17
VisualStudioVersion = 17.3.32929.385
MinimumVisualStudioVersion = 10.0.40219.1
Project("{FAE04EC0-301F-11D3-BF4B-00C04F79EFBC}") = "SzamlaGUI", "SzamlaGUI.csproj", "{5894BBDB-C8E0-4491-AB03-4117E791BF91}"
EndProject
Global
	GlobalSection(SolutionConfigurationPlatforms) = preSolution
		Debug|Any CPU = Debug|Any CPU
		Release|Any CPU = Release|Any CPU
	EndGlobalSection
	GlobalSection(ProjectConfigurationPlatforms) = postSolution
		{5894BBDB-C8E0-4491-AB03-4117E791BF91}.Debug|Any CPU.ActiveCfg = Debug|Any CPU
		{5894BBDB-C8E0-4491-AB03-4117E791BF91}.Debug|Any CPU.Build.0 = Debug|Any CPU
		{5894BBDB-C8E0-4491-AB03-4117E791BF91}.Release|Any CPU.ActiveCfg = Release|Any CPU
		{5894BBDB-C8E0-4491-AB03-4117E791BF91}.Release|Any CPU.Build.0 = Release|Any CPU
	EndGlobalSection
	GlobalSection(SolutionProperties) = preSolution
		HideSolutionNode = FALSE
	EndGlobalSection
	GlobalSection(ExtensibilityGlobals) = postSolution
		SolutionGuid = {397CF61B-EF0D-4A25-A185-C3B65E503311}
	EndGlobalSection
EndGlobal
